
Microsoft Visual Studio Solution File, Format Version 12.00
# Visual Studio Version 17
VisualStudioVersion = 17.10.35122.118
MinimumVisualStudioVersion = 10.0.40219.1
Project("{9A19103F-16F7-4668-BE54-9A1E7A4F7556}") = "Concesionaria", "Concesionaria\Concesionaria.csproj", "{E8859C3D-E46D-416B-893A-27129D4E6C19}"
EndProject
Global
	GlobalSection(SolutionConfigurationPlatforms) = preSolution
		Debug|Any CPU = Debug|Any CPU
		Release|Any CPU = Release|Any CPU
	EndGlobalSection
	GlobalSection(ProjectConfigurationPlatforms) = postSolution
		{E8859C3D-E46D-416B-893A-27129D4E6C19}.Debug|Any CPU.ActiveCfg = Debug|Any CPU
		{E8859C3D-E46D-416B-893A-27129D4E6C19}.Debug|Any CPU.Build.0 = Debug|Any CPU
		{E8859C3D-E46D-416B-893A-27129D4E6C19}.Release|Any CPU.ActiveCfg = Release|Any CPU
		{E8859C3D-E46D-416B-893A-27129D4E6C19}.Release|Any CPU.Build.0 = Release|Any CPU
	EndGlobalSection
	GlobalSection(SolutionProperties) = preSolution
		HideSolutionNode = FALSE
	EndGlobalSection
	GlobalSection(ExtensibilityGlobals) = postSolution
		SolutionGuid = {E0C3779D-3463-4B72-AF25-F395603E9572}
	EndGlobalSection
EndGlobal
